
Microsoft Visual Studio Solution File, Format Version 12.00
# Visual Studio Version 17
VisualStudioVersion = 17.5.002.0
MinimumVisualStudioVersion = 10.0.40219.1
Project("{9A19103F-16F7-4668-BE54-9A1E7A4F7556}") = "C#", "C#.csproj", "{71153685-0B14-4E86-A341-A635C37EDA3E}"
EndProject
Global
	GlobalSection(SolutionConfigurationPlatforms) = preSolution
		Debug|Any CPU = Debug|Any CPU
		Release|Any CPU = Release|Any CPU
	EndGlobalSection
	GlobalSection(ProjectConfigurationPlatforms) = postSolution
		{71153685-0B14-4E86-A341-A635C37EDA3E}.Debug|Any CPU.ActiveCfg = Debug|Any CPU
		{71153685-0B14-4E86-A341-A635C37EDA3E}.Debug|Any CPU.Build.0 = Debug|Any CPU
		{71153685-0B14-4E86-A341-A635C37EDA3E}.Release|Any CPU.ActiveCfg = Release|Any CPU
		{71153685-0B14-4E86-A341-A635C37EDA3E}.Release|Any CPU.Build.0 = Release|Any CPU
	EndGlobalSection
	GlobalSection(SolutionProperties) = preSolution
		HideSolutionNode = FALSE
	EndGlobalSection
	GlobalSection(ExtensibilityGlobals) = postSolution
		SolutionGuid = {0C3F5224-8E90-46EB-A82D-F7CA62913D48}
	EndGlobalSection
EndGlobal
